
Microsoft Visual Studio Solution File, Format Version 12.00
# Visual Studio Version 16
VisualStudioVersion = 16.0.30523.141
MinimumVisualStudioVersion = 10.0.40219.1
Project("{9A19103F-16F7-4668-BE54-9A1E7A4F7556}") = "MessageBrokerSample.Publisher", "MessageBrokerSample.Publisher\MessageBrokerSample.Publisher.csproj", "{DDFC17DB-766F-4B3E-AABC-02105BE7E262}"
EndProject
Project("{FAE04EC0-301F-11D3-BF4B-00C04F79EFBC}") = "MessageBrokerSample.Consumer", "MessageBrokerSample.Consumer\MessageBrokerSample.Consumer.csproj", "{53A5A693-11B4-479B-BBBF-B02B73FBB3CC}"
EndProject
Global
	GlobalSection(SolutionConfigurationPlatforms) = preSolution
		Debug|Any CPU = Debug|Any CPU
		Release|Any CPU = Release|Any CPU
	EndGlobalSection
	GlobalSection(ProjectConfigurationPlatforms) = postSolution
		{DDFC17DB-766F-4B3E-AABC-02105BE7E262}.Debug|Any CPU.ActiveCfg = Debug|Any CPU
		{DDFC17DB-766F-4B3E-AABC-02105BE7E262}.Debug|Any CPU.Build.0 = Debug|Any CPU
		{DDFC17DB-766F-4B3E-AABC-02105BE7E262}.Release|Any CPU.ActiveCfg = Release|Any CPU
		{DDFC17DB-766F-4B3E-AABC-02105BE7E262}.Release|Any CPU.Build.0 = Release|Any CPU
		{53A5A693-11B4-479B-BBBF-B02B73FBB3CC}.Debug|Any CPU.ActiveCfg = Debug|Any CPU
		{53A5A693-11B4-479B-BBBF-B02B73FBB3CC}.Debug|Any CPU.Build.0 = Debug|Any CPU
		{53A5A693-11B4-479B-BBBF-B02B73FBB3CC}.Release|Any CPU.ActiveCfg = Release|Any CPU
		{53A5A693-11B4-479B-BBBF-B02B73FBB3CC}.Release|Any CPU.Build.0 = Release|Any CPU
	EndGlobalSection
	GlobalSection(SolutionProperties) = preSolution
		HideSolutionNode = FALSE
	EndGlobalSection
	GlobalSection(ExtensibilityGlobals) = postSolution
		SolutionGuid = {1958A93D-1603-41AA-8B44-CA12D6603197}
	EndGlobalSection
EndGlobal
